
Microsoft Visual Studio Solution File, Format Version 12.00
# Visual Studio Version 17
VisualStudioVersion = 17.10.35122.118
MinimumVisualStudioVersion = 10.0.40219.1
Project("{FAE04EC0-301F-11D3-BF4B-00C04F79EFBC}") = "DataGridEx", "DataGridEx\DataGridEx.csproj", "{AB3CFC6A-6BC0-4829-A134-1DA6FB6AC65B}"
EndProject
Global
	GlobalSection(SolutionConfigurationPlatforms) = preSolution
		Debug|Any CPU = Debug|Any CPU
		Release|Any CPU = Release|Any CPU
	EndGlobalSection
	GlobalSection(ProjectConfigurationPlatforms) = postSolution
		{AB3CFC6A-6BC0-4829-A134-1DA6FB6AC65B}.Debug|Any CPU.ActiveCfg = Debug|Any CPU
		{AB3CFC6A-6BC0-4829-A134-1DA6FB6AC65B}.Debug|Any CPU.Build.0 = Debug|Any CPU
		{AB3CFC6A-6BC0-4829-A134-1DA6FB6AC65B}.Release|Any CPU.ActiveCfg = Release|Any CPU
		{AB3CFC6A-6BC0-4829-A134-1DA6FB6AC65B}.Release|Any CPU.Build.0 = Release|Any CPU
	EndGlobalSection
	GlobalSection(SolutionProperties) = preSolution
		HideSolutionNode = FALSE
	EndGlobalSection
	GlobalSection(ExtensibilityGlobals) = postSolution
		SolutionGuid = {1F1FDA23-F593-4DDE-BDC5-141F5BAB4FDB}
	EndGlobalSection
EndGlobal
