
Microsoft Visual Studio Solution File, Format Version 12.00
# Visual Studio Version 17
VisualStudioVersion = 17.10.35122.118
MinimumVisualStudioVersion = 10.0.40219.1
Project("{FAE04EC0-301F-11D3-BF4B-00C04F79EFBC}") = "DateTime", "DateTime\DateTime.csproj", "{796492D4-0B45-4D76-8D0B-6FDDE38DE9CF}"
EndProject
Global
	GlobalSection(SolutionConfigurationPlatforms) = preSolution
		Debug|Any CPU = Debug|Any CPU
		Release|Any CPU = Release|Any CPU
	EndGlobalSection
	GlobalSection(ProjectConfigurationPlatforms) = postSolution
		{796492D4-0B45-4D76-8D0B-6FDDE38DE9CF}.Debug|Any CPU.ActiveCfg = Debug|Any CPU
		{796492D4-0B45-4D76-8D0B-6FDDE38DE9CF}.Debug|Any CPU.Build.0 = Debug|Any CPU
		{796492D4-0B45-4D76-8D0B-6FDDE38DE9CF}.Release|Any CPU.ActiveCfg = Release|Any CPU
		{796492D4-0B45-4D76-8D0B-6FDDE38DE9CF}.Release|Any CPU.Build.0 = Release|Any CPU
	EndGlobalSection
	GlobalSection(SolutionProperties) = preSolution
		HideSolutionNode = FALSE
	EndGlobalSection
	GlobalSection(ExtensibilityGlobals) = postSolution
		SolutionGuid = {046520F6-842F-424B-BEE8-E226AA70CD39}
	EndGlobalSection
EndGlobal
